{
  "name": "www.tmachado.ca",
  "version": "1.0.0",
  "lockfileVersion": 1,
  "requires": true,
  "dependencies": {
    "@fortawesome/fontawesome-free": {
      "version": "5.11.2",
      "resolved": "https://registry.npmjs.org/@fortawesome/fontawesome-free/-/fontawesome-free-5.11.2.tgz",
      "integrity": "sha512-XiUPoS79r1G7PcpnNtq85TJ7inJWe0v+b5oZJZKb0pGHNIV6+UiNeQWiFGmuQ0aj7GEhnD/v9iqxIsjuRKtEnQ==",
      "dev": true
    },
    "anymatch": {
      "version": "3.1.1",
      "resolved": "https://registry.npmjs.org/anymatch/-/anymatch-3.1.1.tgz",
      "integrity": "sha512-mM8522psRCqzV+6LhomX5wgp25YVibjh8Wj23I5RPkPppSVSjyKD2A2mBJmWGa+KN7f2D6LNh9jkBCeyLktzjg==",
      "dev": true,
      "requires": {
        "normalize-path": "^3.0.0",
        "picomatch": "^2.0.4"
      }
    },
    "async": {
      "version": "2.6.3",
      "resolved": "https://registry.npmjs.org/async/-/async-2.6.3.tgz",
      "integrity": "sha512-zflvls11DCy+dQWzTW2dzuilv8Z5X/pjfmZOWba6TNIVDm+2UDaJmXSOXlasHKfNBs8oo3M0aT50fDEWfKZjXg==",
      "dev": true,
      "requires": {
        "lodash": "^4.17.14"
      }
    },
    "binary-extensions": {
      "version": "2.0.0",
      "resolved": "https://registry.npmjs.org/binary-extensions/-/binary-extensions-2.0.0.tgz",
      "integrity": "sha512-Phlt0plgpIIBOGTT/ehfFnbNlfsDEiqmzE2KRXoX1bLIlir4X/MR+zSyBEkL05ffWgnRSf/DXv+WrUAVr93/ow==",
      "dev": true
    },
    "bootstrap": {
      "version": "4.3.1",
      "resolved": "https://registry.npmjs.org/bootstrap/-/bootstrap-4.3.1.tgz",
      "integrity": "sha512-rXqOmH1VilAt2DyPzluTi2blhk17bO7ef+zLLPlWvG494pDxcM234pJ8wTc/6R40UWizAIIMgxjvxZg5kmsbag=="
    },
    "braces": {
      "version": "3.0.2",
      "resolved": "https://registry.npmjs.org/braces/-/braces-3.0.2.tgz",
      "integrity": "sha512-b8um+L1RzM3WDSzvhm6gIz1yfTbBt6YTlcEKAvsmqCZZFw46z626lVj9j1yEPW33H5H+lBQpZMP1k8l+78Ha0A==",
      "dev": true,
      "requires": {
        "fill-range": "^7.0.1"
      }
    },
    "chokidar": {
      "version": "3.3.0",
      "resolved": "https://registry.npmjs.org/chokidar/-/chokidar-3.3.0.tgz",
      "integrity": "sha512-dGmKLDdT3Gdl7fBUe8XK+gAtGmzy5Fn0XkkWQuYxGIgWVPPse2CxFA5mtrlD0TOHaHjEUqkWNyP1XdHoJES/4A==",
      "dev": true,
      "requires": {
        "anymatch": "~3.1.1",
        "braces": "~3.0.2",
        "fsevents": "~2.1.1",
        "glob-parent": "~5.1.0",
        "is-binary-path": "~2.1.0",
        "is-glob": "~4.0.1",
        "normalize-path": "~3.0.0",
        "readdirp": "~3.2.0"
      }
    },
    "colors": {
      "version": "1.0.3",
      "resolved": "https://registry.npmjs.org/colors/-/colors-1.0.3.tgz",
      "integrity": "sha1-BDP0TYCWgP3rYO0mDxsMJi6CpAs=",
      "dev": true
    },
    "corser": {
      "version": "2.0.1",
      "resolved": "https://registry.npmjs.org/corser/-/corser-2.0.1.tgz",
      "integrity": "sha1-jtolLsqrWEDc2XXOuQ2TcMgZ/4c=",
      "dev": true
    },
    "debug": {
      "version": "3.2.6",
      "resolved": "https://registry.npmjs.org/debug/-/debug-3.2.6.tgz",
      "integrity": "sha512-mel+jf7nrtEl5Pn1Qx46zARXKDpBbvzezse7p7LqINmdoIk8PYP5SySaxEmYv6TZ0JyEKA1hsCId6DIhgITtWQ==",
      "dev": true,
      "requires": {
        "ms": "^2.1.1"
      }
    },
    "ecstatic": {
      "version": "3.3.2",
      "resolved": "https://registry.npmjs.org/ecstatic/-/ecstatic-3.3.2.tgz",
      "integrity": "sha512-fLf9l1hnwrHI2xn9mEDT7KIi22UDqA2jaCwyCbSUJh9a1V+LEUSL/JO/6TIz/QyuBURWUHrFL5Kg2TtO1bkkog==",
      "dev": true,
      "requires": {
        "he": "^1.1.1",
        "mime": "^1.6.0",
        "minimist": "^1.1.0",
        "url-join": "^2.0.5"
      }
    },
    "eventemitter3": {
      "version": "4.0.0",
      "resolved": "https://registry.npmjs.org/eventemitter3/-/eventemitter3-4.0.0.tgz",
      "integrity": "sha512-qerSRB0p+UDEssxTtm6EDKcE7W4OaoisfIMl4CngyEhjpYglocpNg6UEqCvemdGhosAsg4sO2dXJOdyBifPGCg==",
      "dev": true
    },
    "fill-range": {
      "version": "7.0.1",
      "resolved": "https://registry.npmjs.org/fill-range/-/fill-range-7.0.1.tgz",
      "integrity": "sha512-qOo9F+dMUmC2Lcb4BbVvnKJxTPjCm+RRpe4gDuGrzkL7mEVl/djYSu2OdQ2Pa302N4oqkSg9ir6jaLWJ2USVpQ==",
      "dev": true,
      "requires": {
        "to-regex-range": "^5.0.1"
      }
    },
    "follow-redirects": {
      "version": "1.9.0",
      "resolved": "https://registry.npmjs.org/follow-redirects/-/follow-redirects-1.9.0.tgz",
      "integrity": "sha512-CRcPzsSIbXyVDl0QI01muNDu69S8trU4jArW9LpOt2WtC6LyUJetcIrmfHsRBx7/Jb6GHJUiuqyYxPooFfNt6A==",
      "dev": true,
      "requires": {
        "debug": "^3.0.0"
      }
    },
    "fsevents": {
      "version": "2.1.2",
      "resolved": "https://registry.npmjs.org/fsevents/-/fsevents-2.1.2.tgz",
      "integrity": "sha512-R4wDiBwZ0KzpgOWetKDug1FZcYhqYnUYKtfZYt4mD5SBz76q0KR4Q9o7GIPamsVPGmW3EYPPJ0dOOjvx32ldZA==",
      "dev": true,
      "optional": true
    },
    "glob-parent": {
      "version": "5.1.0",
      "resolved": "https://registry.npmjs.org/glob-parent/-/glob-parent-5.1.0.tgz",
      "integrity": "sha512-qjtRgnIVmOfnKUE3NJAQEdk+lKrxfw8t5ke7SXtfMTHcjsBfOfWXCQfdb30zfDoZQ2IRSIiidmjtbHZPZ++Ihw==",
      "dev": true,
      "requires": {
        "is-glob": "^4.0.1"
      }
    },
    "he": {
      "version": "1.2.0",
      "resolved": "https://registry.npmjs.org/he/-/he-1.2.0.tgz",
      "integrity": "sha512-F/1DnUGPopORZi0ni+CvrCgHQ5FyEAHRLSApuYWMmrbSwoN2Mn/7k+Gl38gJnR7yyDZk6WLXwiGod1JOWNDKGw==",
      "dev": true
    },
    "http-proxy": {
      "version": "1.18.0",
      "resolved": "https://registry.npmjs.org/http-proxy/-/http-proxy-1.18.0.tgz",
      "integrity": "sha512-84I2iJM/n1d4Hdgc6y2+qY5mDaz2PUVjlg9znE9byl+q0uC3DeByqBGReQu5tpLK0TAqTIXScRUV+dg7+bUPpQ==",
      "dev": true,
      "requires": {
        "eventemitter3": "^4.0.0",
        "follow-redirects": "^1.0.0",
        "requires-port": "^1.0.0"
      }
    },
    "http-server": {
      "version": "0.11.1",
      "resolved": "https://registry.npmjs.org/http-server/-/http-server-0.11.1.tgz",
      "integrity": "sha512-6JeGDGoujJLmhjiRGlt8yK8Z9Kl0vnl/dQoQZlc4oeqaUoAKQg94NILLfrY3oWzSyFaQCVNTcKE5PZ3cH8VP9w==",
      "dev": true,
      "requires": {
        "colors": "1.0.3",
        "corser": "~2.0.0",
        "ecstatic": "^3.0.0",
        "http-proxy": "^1.8.1",
        "opener": "~1.4.0",
        "optimist": "0.6.x",
        "portfinder": "^1.0.13",
        "union": "~0.4.3"
      }
    },
    "is-binary-path": {
      "version": "2.1.0",
      "resolved": "https://registry.npmjs.org/is-binary-path/-/is-binary-path-2.1.0.tgz",
      "integrity": "sha512-ZMERYes6pDydyuGidse7OsHxtbI7WVeUEozgR/g7rd0xUimYNlvZRE/K2MgZTjWy725IfelLeVcEM97mmtRGXw==",
      "dev": true,
      "requires": {
        "binary-extensions": "^2.0.0"
      }
    },
    "is-extglob": {
      "version": "2.1.1",
      "resolved": "https://registry.npmjs.org/is-extglob/-/is-extglob-2.1.1.tgz",
      "integrity": "sha1-qIwCU1eR8C7TfHahueqXc8gz+MI=",
      "dev": true
    },
    "is-glob": {
      "version": "4.0.1",
      "resolved": "https://registry.npmjs.org/is-glob/-/is-glob-4.0.1.tgz",
      "integrity": "sha512-5G0tKtBTFImOqDnLB2hG6Bp2qcKEFduo4tZu9MT/H6NQv/ghhy30o55ufafxJ/LdH79LLs2Kfrn85TLKyA7BUg==",
      "dev": true,
      "requires": {
        "is-extglob": "^2.1.1"
      }
    },
    "is-number": {
      "version": "7.0.0",
      "resolved": "https://registry.npmjs.org/is-number/-/is-number-7.0.0.tgz",
      "integrity": "sha512-41Cifkg6e8TylSpdtTpeLVMqvSBEVzTttHvERD741+pnZ8ANv0004MRL43QKPDlK9cGvNp6NZWZUBlbGXYxxng==",
      "dev": true
    },
    "jq-tag-input": {
      "version": "1.4.1",
      "resolved": "https://registry.npmjs.org/jq-tag-input/-/jq-tag-input-1.4.1.tgz",
      "integrity": "sha512-E7pFkHhcNOUj3StFG+iDwzcgILRVzlLN23ZcRiyD3FBiWyI5dx5liO1hMYvJTTnBUyjQSoNhOvX2DUkcLYl9xw==",
      "requires": {
        "jquery": "^3.4.1",
        "typeahead.js": "^0.11.1"
      }
    },
    "jquery": {
      "version": "3.4.1",
      "resolved": "https://registry.npmjs.org/jquery/-/jquery-3.4.1.tgz",
      "integrity": "sha512-36+AdBzCL+y6qjw5Tx7HgzeGCzC81MDDgaUP8ld2zhx58HdqXGoBd+tHdrBMiyjGQs0Hxs/MLZTu/eHNJJuWPw=="
    },
    "lodash": {
      "version": "4.17.19",
      "resolved": "https://registry.npmjs.org/lodash/-/lodash-4.17.19.tgz",
      "integrity": "sha512-JNvd8XER9GQX0v2qJgsaN/mzFCNA5BRe/j8JN9d+tWyGLSodKQHKFicdwNYzWwI3wjRnaKPsGj1XkBjx/F96DQ==",
      "dev": true
    },
    "mime": {
      "version": "1.6.0",
      "resolved": "https://registry.npmjs.org/mime/-/mime-1.6.0.tgz",
      "integrity": "sha512-x0Vn8spI+wuJ1O6S7gnbaQg8Pxh4NNHb7KSINmEWKiPE4RKOplvijn+NkmYmmRgP68mc70j2EbeTFRsrswaQeg==",
      "dev": true
    },
    "minimist": {
      "version": "1.2.0",
      "resolved": "https://registry.npmjs.org/minimist/-/minimist-1.2.0.tgz",
      "integrity": "sha1-o1AIsg9BOD7sH7kU9M1d95omQoQ=",
      "dev": true
    },
    "mkdirp": {
      "version": "0.5.1",
      "resolved": "https://registry.npmjs.org/mkdirp/-/mkdirp-0.5.1.tgz",
      "integrity": "sha1-MAV0OOrGz3+MR2fzhkjWaX11yQM=",
      "dev": true,
      "requires": {
        "minimist": "0.0.8"
      },
      "dependencies": {
        "minimist": {
          "version": "0.0.8",
          "resolved": "https://registry.npmjs.org/minimist/-/minimist-0.0.8.tgz",
          "integrity": "sha1-hX/Kv8M5fSYluCKCYuhqp6ARsF0=",
          "dev": true
        }
      }
    },
    "ms": {
      "version": "2.1.2",
      "resolved": "https://registry.npmjs.org/ms/-/ms-2.1.2.tgz",
      "integrity": "sha512-sGkPx+VjMtmA6MX27oA4FBFELFCZZ4S4XqeGOXCv68tT+jb3vk/RyaKWP0PTKyWtmLSM0b+adUTEvbs1PEaH2w==",
      "dev": true
    },
    "normalize-path": {
      "version": "3.0.0",
      "resolved": "https://registry.npmjs.org/normalize-path/-/normalize-path-3.0.0.tgz",
      "integrity": "sha512-6eZs5Ls3WtCisHWp9S2GUy8dqkpGi4BVSz3GaqiE6ezub0512ESztXUwUB6C6IKbQkY2Pnb/mD4WYojCRwcwLA==",
      "dev": true
    },
    "opener": {
      "version": "1.4.3",
      "resolved": "https://registry.npmjs.org/opener/-/opener-1.4.3.tgz",
      "integrity": "sha1-XG2ixdflgx6P+jlklQ+NZnSskLg=",
      "dev": true
    },
    "optimist": {
      "version": "0.6.1",
      "resolved": "https://registry.npmjs.org/optimist/-/optimist-0.6.1.tgz",
      "integrity": "sha1-2j6nRob6IaGaERwybpDrFaAZZoY=",
      "dev": true,
      "requires": {
        "minimist": "~0.0.1",
        "wordwrap": "~0.0.2"
      },
      "dependencies": {
        "minimist": {
          "version": "0.0.10",
          "resolved": "https://registry.npmjs.org/minimist/-/minimist-0.0.10.tgz",
          "integrity": "sha1-3j+YVD2/lggr5IrRoMfNqDYwHc8=",
          "dev": true
        }
      }
    },
    "picomatch": {
      "version": "2.1.1",
      "resolved": "https://registry.npmjs.org/picomatch/-/picomatch-2.1.1.tgz",
      "integrity": "sha512-OYMyqkKzK7blWO/+XZYP6w8hH0LDvkBvdvKukti+7kqYFCiEAk+gI3DWnryapc0Dau05ugGTy0foQ6mqn4AHYA==",
      "dev": true
    },
    "popper.js": {
      "version": "1.16.0",
      "resolved": "https://registry.npmjs.org/popper.js/-/popper.js-1.16.0.tgz",
      "integrity": "sha512-+G+EkOPoE5S/zChTpmBSSDYmhXJ5PsW8eMhH8cP/CQHMFPBG/kC9Y5IIw6qNYgdJ+/COf0ddY2li28iHaZRSjw=="
    },
    "portfinder": {
      "version": "1.0.25",
      "resolved": "https://registry.npmjs.org/portfinder/-/portfinder-1.0.25.tgz",
      "integrity": "sha512-6ElJnHBbxVA1XSLgBp7G1FiCkQdlqGzuF7DswL5tcea+E8UpuvPU7beVAjjRwCioTS9ZluNbu+ZyRvgTsmqEBg==",
      "dev": true,
      "requires": {
        "async": "^2.6.2",
        "debug": "^3.1.1",
        "mkdirp": "^0.5.1"
      }
    },
    "qs": {
      "version": "2.3.3",
      "resolved": "https://registry.npmjs.org/qs/-/qs-2.3.3.tgz",
      "integrity": "sha1-6eha2+ddoLvkyOBHaghikPhjtAQ=",
      "dev": true
    },
    "readdirp": {
      "version": "3.2.0",
      "resolved": "https://registry.npmjs.org/readdirp/-/readdirp-3.2.0.tgz",
      "integrity": "sha512-crk4Qu3pmXwgxdSgGhgA/eXiJAPQiX4GMOZZMXnqKxHX7TaoL+3gQVo/WeuAiogr07DpnfjIMpXXa+PAIvwPGQ==",
      "dev": true,
      "requires": {
        "picomatch": "^2.0.4"
      }
    },
    "requires-port": {
      "version": "1.0.0",
      "resolved": "https://registry.npmjs.org/requires-port/-/requires-port-1.0.0.tgz",
      "integrity": "sha1-kl0mAdOaxIXgkc8NpcbmlNw9yv8=",
      "dev": true
    },
    "sass": {
      "version": "1.23.6",
      "resolved": "https://registry.npmjs.org/sass/-/sass-1.23.6.tgz",
      "integrity": "sha512-awBvj9xrAuiS2TOCcYSUGCmaBV3UW6fVSK4oJ2LHS8IRfnRLc5EJihw90C7ZJ/skcEwFGSf9/XO5NlMiKupBCg==",
      "dev": true,
      "requires": {
        "chokidar": ">=2.0.0 <4.0.0"
      }
    },
    "to-regex-range": {
      "version": "5.0.1",
      "resolved": "https://registry.npmjs.org/to-regex-range/-/to-regex-range-5.0.1.tgz",
      "integrity": "sha512-65P7iz6X5yEr1cwcgvQxbbIw7Uk3gOy5dIdtZ4rDveLqhrdJP+Li/Hx6tyK0NEb+2GCyneCMJiGqrADCSNk8sQ==",
      "dev": true,
      "requires": {
        "is-number": "^7.0.0"
      }
    },
    "typeahead.js": {
      "version": "0.11.1",
      "resolved": "https://registry.npmjs.org/typeahead.js/-/typeahead.js-0.11.1.tgz",
      "integrity": "sha1-TmTmcbIjEKhgb0rsgFkkuoSwFbg=",
      "requires": {
        "jquery": ">=1.7"
      }
    },
    "union": {
      "version": "0.4.6",
      "resolved": "https://registry.npmjs.org/union/-/union-0.4.6.tgz",
      "integrity": "sha1-GY+9rrolTniLDvy2MLwR8kopWeA=",
      "dev": true,
      "requires": {
        "qs": "~2.3.3"
      }
    },
    "url-join": {
      "version": "2.0.5",
      "resolved": "https://registry.npmjs.org/url-join/-/url-join-2.0.5.tgz",
      "integrity": "sha1-WvIvGMBSoACkjXuCxenC4v7tpyg=",
      "dev": true
    },
    "wordwrap": {
      "version": "0.0.3",
      "resolved": "https://registry.npmjs.org/wordwrap/-/wordwrap-0.0.3.tgz",
      "integrity": "sha1-o9XabNXAvAAI03I0u68b7WMFkQc=",
      "dev": true
    }
  }
}
