{
  "name": "www.tmachado.ca",
  "version": "1.0.0",
  "lockfileVersion": 1,
  "requires": true,
  "dependencies": {
    "jq-tag-input": {
      "version": "1.1.4",
      "resolved": "https://registry.npmjs.org/jq-tag-input/-/jq-tag-input-1.1.4.tgz",
      "integrity": "sha512-QF8CzaqaqZ1DG2dccY9QD1ELrVxPC5Tu7C5pAeD2E4Pib6tr+WEp4oYhes2CArtIThq2qlRXkUFHg0dhbonW1A==",
      "requires": {
        "typeahead.js": "^0.11.1"
      }
    },
    "jquery": {
      "version": "3.4.1",
      "resolved": "https://registry.npmjs.org/jquery/-/jquery-3.4.1.tgz",
      "integrity": "sha512-36+AdBzCL+y6qjw5Tx7HgzeGCzC81MDDgaUP8ld2zhx58HdqXGoBd+tHdrBMiyjGQs0Hxs/MLZTu/eHNJJuWPw=="
    },
    "typeahead.js": {
      "version": "0.11.1",
      "resolved": "https://registry.npmjs.org/typeahead.js/-/typeahead.js-0.11.1.tgz",
      "integrity": "sha1-TmTmcbIjEKhgb0rsgFkkuoSwFbg=",
      "requires": {
        "jquery": ">=1.7"
      }
    }
  }
}
